{
  "requires": true,
  "lockfileVersion": 1,
  "dependencies": {
    "jquery": {
      "version": "3.3.1",
      "resolved": "https://registry.npmjs.org/jquery/-/jquery-3.3.1.tgz",
      "integrity": "sha512-Ubldcmxp5np52/ENotGxlLe6aGMvmF4R8S6tZjsP6Knsaxd/xp3Zrh50cG93lR6nPXyUFwzN3ZSOQI0wRJNdGg=="
    },
    "tablesorter": {
      "version": "2.31.1",
      "resolved": "https://registry.npmjs.org/tablesorter/-/tablesorter-2.31.1.tgz",
      "integrity": "sha512-xXFYMu2vc73oKNWcf+hdId1Rvtl2W3zS9pJAX0BWjJcn6zmhquXCk+kuBQzKid/Iq/T8ERPlyAJ7q0Wkgym7Sg==",
      "requires": {
        "jquery": ">=1.2.6"
      }
    }
  }
}
